
Microsoft Visual Studio Solution File, Format Version 12.00
# Visual Studio Version 16
VisualStudioVersion = 16.0.32413.511
MinimumVisualStudioVersion = 10.0.40219.1
Project("{FAE04EC0-301F-11D3-BF4B-00C04F79EFBC}") = "DataBaseProject", "DataBaseProject\DataBaseProject.csproj", "{559DB8E8-9F23-4AFE-BB7E-40EC96F0E107}"
EndProject
Global
	GlobalSection(SolutionConfigurationPlatforms) = preSolution
		Debug|Any CPU = Debug|Any CPU
		Release|Any CPU = Release|Any CPU
	EndGlobalSection
	GlobalSection(ProjectConfigurationPlatforms) = postSolution
		{559DB8E8-9F23-4AFE-BB7E-40EC96F0E107}.Debug|Any CPU.ActiveCfg = Debug|Any CPU
		{559DB8E8-9F23-4AFE-BB7E-40EC96F0E107}.Debug|Any CPU.Build.0 = Debug|Any CPU
		{559DB8E8-9F23-4AFE-BB7E-40EC96F0E107}.Release|Any CPU.ActiveCfg = Release|Any CPU
		{559DB8E8-9F23-4AFE-BB7E-40EC96F0E107}.Release|Any CPU.Build.0 = Release|Any CPU
	EndGlobalSection
	GlobalSection(SolutionProperties) = preSolution
		HideSolutionNode = FALSE
	EndGlobalSection
	GlobalSection(ExtensibilityGlobals) = postSolution
		SolutionGuid = {20FBD863-6470-4DE1-AB5E-D1BB5CE02408}
	EndGlobalSection
EndGlobal
